
Microsoft Visual Studio Solution File, Format Version 12.00
Project("{FAE04EC0-301F-11D3-BF4B-00C04F79EFBC}") = "Promasy.Web.Api", "Promasy.Web.Api\Promasy.Web.Api.csproj", "{F04C66AD-65B3-4648-96D0-C4D30761FF76}"
EndProject
Project("{2150E333-8FDC-42A3-9474-1A3956D46DE8}") = "Modules", "Modules", "{50F72EBD-85AE-445F-B91C-A1C555E1E2E7}"
EndProject
Project("{FAE04EC0-301F-11D3-BF4B-00C04F79EFBC}") = "Promasy.Modules.Core", "Modules\Promasy.Modules.Core\Promasy.Modules.Core.csproj", "{1B6EEA8C-A3F0-470C-9E3A-99A0EE941894}"
EndProject
Project("{FAE04EC0-301F-11D3-BF4B-00C04F79EFBC}") = "Promasy.Domain", "Promasy.Domain\Promasy.Domain.csproj", "{677C850C-1F15-4D50-A5C8-CFB0AFBD8DF6}"
EndProject
Project("{FAE04EC0-301F-11D3-BF4B-00C04F79EFBC}") = "Promasy.Core", "Promasy.Core\Promasy.Core.csproj", "{20C11579-A9A5-424F-A931-2412157EEB4A}"
EndProject
Project("{FAE04EC0-301F-11D3-BF4B-00C04F79EFBC}") = "Promasy.Persistence", "Promasy.Persistence\Promasy.Persistence.csproj", "{DAFB7975-DD9B-4053-9C9F-92873D683503}"
EndProject
Project("{FAE04EC0-301F-11D3-BF4B-00C04F79EFBC}") = "Promasy.Modules.Auth", "Modules\Promasy.Modules.Auth\Promasy.Modules.Auth.csproj", "{872ED713-402D-483F-87B1-AE6526501B4F}"
EndProject
Project("{FAE04EC0-301F-11D3-BF4B-00C04F79EFBC}") = "Promasy.Modules.Cpv", "Modules\Promasy.Modules.Cpv\Promasy.Modules.Cpv.csproj", "{05C63390-0079-48DA-9113-54974065BCA4}"
EndProject
Project("{FAE04EC0-301F-11D3-BF4B-00C04F79EFBC}") = "Promasy.Modules.Units", "Modules\Promasy.Modules.Units\Promasy.Modules.Units.csproj", "{3E294F8C-404B-4760-9C22-B4536C21B98E}"
EndProject
Project("{FAE04EC0-301F-11D3-BF4B-00C04F79EFBC}") = "Promasy.Web.Frontend", "Promasy.Web.Frontend\Promasy.Web.Frontend.esproj", "{48164AA0-C919-41AF-8309-07F0FBDC82FA}"
EndProject
Project("{FAE04EC0-301F-11D3-BF4B-00C04F79EFBC}") = "Promasy.Modules.Employees", "Modules\Promasy.Modules.Employees\Promasy.Modules.Employees.csproj", "{7C226542-211C-4AC1-9CB1-71B559CFF000}"
EndProject
Project("{FAE04EC0-301F-11D3-BF4B-00C04F79EFBC}") = "Promasy.Modules.Manufacturers", "Modules\Promasy.Modules.Manufacturers\Promasy.Modules.Manufacturers.csproj", "{62A9299E-CC19-436F-9837-A9B7BF086E2B}"
EndProject
Project("{FAE04EC0-301F-11D3-BF4B-00C04F79EFBC}") = "Promasy.Modules.Suppliers", "Modules\Promasy.Modules.Suppliers\Promasy.Modules.Suppliers.csproj", "{297FE5D0-9E0C-46F6-A484-ED3BE7599ACA}"
EndProject
Project("{FAE04EC0-301F-11D3-BF4B-00C04F79EFBC}") = "Promasy.Modules.Organizations", "Modules\Promasy.Modules.Organizations\Promasy.Modules.Organizations.csproj", "{47E911B4-9795-4F36-BC0D-F36914F9B2B7}"
EndProject
Project("{FAE04EC0-301F-11D3-BF4B-00C04F79EFBC}") = "Promasy.Modules.Finances", "Modules\Promasy.Modules.Finances\Promasy.Modules.Finances.csproj", "{AD20996A-0489-4C55-BC85-8AECEBEC9A51}"
EndProject
Project("{FAE04EC0-301F-11D3-BF4B-00C04F79EFBC}") = "Promasy.Modules.Orders", "Modules\Promasy.Modules.Orders\Promasy.Modules.Orders.csproj", "{951A5137-6D60-490D-AEA7-C3C97157FAA2}"
EndProject
Global
	GlobalSection(SolutionConfigurationPlatforms) = preSolution
		Debug|Any CPU = Debug|Any CPU
		Release|Any CPU = Release|Any CPU
	EndGlobalSection
	GlobalSection(ProjectConfigurationPlatforms) = postSolution
		{F04C66AD-65B3-4648-96D0-C4D30761FF76}.Debug|Any CPU.ActiveCfg = Debug|Any CPU
		{F04C66AD-65B3-4648-96D0-C4D30761FF76}.Debug|Any CPU.Build.0 = Debug|Any CPU
		{F04C66AD-65B3-4648-96D0-C4D30761FF76}.Release|Any CPU.ActiveCfg = Release|Any CPU
		{F04C66AD-65B3-4648-96D0-C4D30761FF76}.Release|Any CPU.Build.0 = Release|Any CPU
		{1B6EEA8C-A3F0-470C-9E3A-99A0EE941894}.Debug|Any CPU.ActiveCfg = Debug|Any CPU
		{1B6EEA8C-A3F0-470C-9E3A-99A0EE941894}.Debug|Any CPU.Build.0 = Debug|Any CPU
		{1B6EEA8C-A3F0-470C-9E3A-99A0EE941894}.Release|Any CPU.ActiveCfg = Release|Any CPU
		{1B6EEA8C-A3F0-470C-9E3A-99A0EE941894}.Release|Any CPU.Build.0 = Release|Any CPU
		{677C850C-1F15-4D50-A5C8-CFB0AFBD8DF6}.Debug|Any CPU.ActiveCfg = Debug|Any CPU
		{677C850C-1F15-4D50-A5C8-CFB0AFBD8DF6}.Debug|Any CPU.Build.0 = Debug|Any CPU
		{677C850C-1F15-4D50-A5C8-CFB0AFBD8DF6}.Release|Any CPU.ActiveCfg = Release|Any CPU
		{677C850C-1F15-4D50-A5C8-CFB0AFBD8DF6}.Release|Any CPU.Build.0 = Release|Any CPU
		{20C11579-A9A5-424F-A931-2412157EEB4A}.Debug|Any CPU.ActiveCfg = Debug|Any CPU
		{20C11579-A9A5-424F-A931-2412157EEB4A}.Debug|Any CPU.Build.0 = Debug|Any CPU
		{20C11579-A9A5-424F-A931-2412157EEB4A}.Release|Any CPU.ActiveCfg = Release|Any CPU
		{20C11579-A9A5-424F-A931-2412157EEB4A}.Release|Any CPU.Build.0 = Release|Any CPU
		{DAFB7975-DD9B-4053-9C9F-92873D683503}.Debug|Any CPU.ActiveCfg = Debug|Any CPU
		{DAFB7975-DD9B-4053-9C9F-92873D683503}.Debug|Any CPU.Build.0 = Debug|Any CPU
		{DAFB7975-DD9B-4053-9C9F-92873D683503}.Release|Any CPU.ActiveCfg = Release|Any CPU
		{DAFB7975-DD9B-4053-9C9F-92873D683503}.Release|Any CPU.Build.0 = Release|Any CPU
		{872ED713-402D-483F-87B1-AE6526501B4F}.Debug|Any CPU.ActiveCfg = Debug|Any CPU
		{872ED713-402D-483F-87B1-AE6526501B4F}.Debug|Any CPU.Build.0 = Debug|Any CPU
		{872ED713-402D-483F-87B1-AE6526501B4F}.Release|Any CPU.ActiveCfg = Release|Any CPU
		{872ED713-402D-483F-87B1-AE6526501B4F}.Release|Any CPU.Build.0 = Release|Any CPU
		{05C63390-0079-48DA-9113-54974065BCA4}.Debug|Any CPU.ActiveCfg = Debug|Any CPU
		{05C63390-0079-48DA-9113-54974065BCA4}.Debug|Any CPU.Build.0 = Debug|Any CPU
		{05C63390-0079-48DA-9113-54974065BCA4}.Release|Any CPU.ActiveCfg = Release|Any CPU
		{05C63390-0079-48DA-9113-54974065BCA4}.Release|Any CPU.Build.0 = Release|Any CPU
		{3E294F8C-404B-4760-9C22-B4536C21B98E}.Debug|Any CPU.ActiveCfg = Debug|Any CPU
		{3E294F8C-404B-4760-9C22-B4536C21B98E}.Debug|Any CPU.Build.0 = Debug|Any CPU
		{3E294F8C-404B-4760-9C22-B4536C21B98E}.Release|Any CPU.ActiveCfg = Release|Any CPU
		{3E294F8C-404B-4760-9C22-B4536C21B98E}.Release|Any CPU.Build.0 = Release|Any CPU
		{48164AA0-C919-41AF-8309-07F0FBDC82FA}.Debug|Any CPU.ActiveCfg = Debug|Any CPU
		{48164AA0-C919-41AF-8309-07F0FBDC82FA}.Debug|Any CPU.Build.0 = Debug|Any CPU
		{48164AA0-C919-41AF-8309-07F0FBDC82FA}.Release|Any CPU.ActiveCfg = Debug|Any CPU
		{48164AA0-C919-41AF-8309-07F0FBDC82FA}.Release|Any CPU.Build.0 = Debug|Any CPU
		{7C226542-211C-4AC1-9CB1-71B559CFF000}.Debug|Any CPU.ActiveCfg = Debug|Any CPU
		{7C226542-211C-4AC1-9CB1-71B559CFF000}.Debug|Any CPU.Build.0 = Debug|Any CPU
		{7C226542-211C-4AC1-9CB1-71B559CFF000}.Release|Any CPU.ActiveCfg = Release|Any CPU
		{7C226542-211C-4AC1-9CB1-71B559CFF000}.Release|Any CPU.Build.0 = Release|Any CPU
		{62A9299E-CC19-436F-9837-A9B7BF086E2B}.Debug|Any CPU.ActiveCfg = Debug|Any CPU
		{62A9299E-CC19-436F-9837-A9B7BF086E2B}.Debug|Any CPU.Build.0 = Debug|Any CPU
		{62A9299E-CC19-436F-9837-A9B7BF086E2B}.Release|Any CPU.ActiveCfg = Release|Any CPU
		{62A9299E-CC19-436F-9837-A9B7BF086E2B}.Release|Any CPU.Build.0 = Release|Any CPU
		{297FE5D0-9E0C-46F6-A484-ED3BE7599ACA}.Debug|Any CPU.ActiveCfg = Debug|Any CPU
		{297FE5D0-9E0C-46F6-A484-ED3BE7599ACA}.Debug|Any CPU.Build.0 = Debug|Any CPU
		{297FE5D0-9E0C-46F6-A484-ED3BE7599ACA}.Release|Any CPU.ActiveCfg = Release|Any CPU
		{297FE5D0-9E0C-46F6-A484-ED3BE7599ACA}.Release|Any CPU.Build.0 = Release|Any CPU
		{47E911B4-9795-4F36-BC0D-F36914F9B2B7}.Debug|Any CPU.ActiveCfg = Debug|Any CPU
		{47E911B4-9795-4F36-BC0D-F36914F9B2B7}.Debug|Any CPU.Build.0 = Debug|Any CPU
		{47E911B4-9795-4F36-BC0D-F36914F9B2B7}.Release|Any CPU.ActiveCfg = Release|Any CPU
		{47E911B4-9795-4F36-BC0D-F36914F9B2B7}.Release|Any CPU.Build.0 = Release|Any CPU
		{AD20996A-0489-4C55-BC85-8AECEBEC9A51}.Debug|Any CPU.ActiveCfg = Debug|Any CPU
		{AD20996A-0489-4C55-BC85-8AECEBEC9A51}.Debug|Any CPU.Build.0 = Debug|Any CPU
		{AD20996A-0489-4C55-BC85-8AECEBEC9A51}.Release|Any CPU.ActiveCfg = Release|Any CPU
		{AD20996A-0489-4C55-BC85-8AECEBEC9A51}.Release|Any CPU.Build.0 = Release|Any CPU
		{951A5137-6D60-490D-AEA7-C3C97157FAA2}.Debug|Any CPU.ActiveCfg = Debug|Any CPU
		{951A5137-6D60-490D-AEA7-C3C97157FAA2}.Debug|Any CPU.Build.0 = Debug|Any CPU
		{951A5137-6D60-490D-AEA7-C3C97157FAA2}.Release|Any CPU.ActiveCfg = Release|Any CPU
		{951A5137-6D60-490D-AEA7-C3C97157FAA2}.Release|Any CPU.Build.0 = Release|Any CPU
	EndGlobalSection
	GlobalSection(NestedProjects) = preSolution
		{1B6EEA8C-A3F0-470C-9E3A-99A0EE941894} = {50F72EBD-85AE-445F-B91C-A1C555E1E2E7}
		{872ED713-402D-483F-87B1-AE6526501B4F} = {50F72EBD-85AE-445F-B91C-A1C555E1E2E7}
		{05C63390-0079-48DA-9113-54974065BCA4} = {50F72EBD-85AE-445F-B91C-A1C555E1E2E7}
		{3E294F8C-404B-4760-9C22-B4536C21B98E} = {50F72EBD-85AE-445F-B91C-A1C555E1E2E7}
		{7C226542-211C-4AC1-9CB1-71B559CFF000} = {50F72EBD-85AE-445F-B91C-A1C555E1E2E7}
		{62A9299E-CC19-436F-9837-A9B7BF086E2B} = {50F72EBD-85AE-445F-B91C-A1C555E1E2E7}
		{297FE5D0-9E0C-46F6-A484-ED3BE7599ACA} = {50F72EBD-85AE-445F-B91C-A1C555E1E2E7}
		{47E911B4-9795-4F36-BC0D-F36914F9B2B7} = {50F72EBD-85AE-445F-B91C-A1C555E1E2E7}
		{AD20996A-0489-4C55-BC85-8AECEBEC9A51} = {50F72EBD-85AE-445F-B91C-A1C555E1E2E7}
		{951A5137-6D60-490D-AEA7-C3C97157FAA2} = {50F72EBD-85AE-445F-B91C-A1C555E1E2E7}
	EndGlobalSection
EndGlobal
